lockfileVersion: '9.0'

settings:
  autoInstallPeers: true
  excludeLinksFromLockfile: false

importers:

  .:
    dependencies:
      '@hookform/resolvers':
        specifier: ^5.4.0
        version: 5.4.0(react-hook-form@7.81.0(react@19.2.4))
      '@tanstack/react-query':
        specifier: ^5.101.2
        version: 5.101.2(react@19.2.4)
      react:
        specifier: 19.2.4
        version: 19.2.4
      react-hook-form:
        specifier: ^7.81.0
        version: 7.81.0(react@19.2.4)
      zod:
        specifier: ^4.4.3
        version: 4.4.3

packages:

  '@hookform/resolvers@5.4.0':
    resolution: {integrity: sha512-EIsqr/t/qbinPIhGjMdtvutIN1Kk4uwbROE9/UQ93CAVGR7GkA7Y92+fX80OzXi/OB67jVFYwKGO1WzkxmkFZw==}
    peerDependencies:
      react-hook-form: ^7.55.0

  '@standard-schema/utils@0.3.0':
    resolution: {integrity: sha512-e7Mew686owMaPJVNNLs55PUvgz371nKgwsc4vxE49zsODpJEnxgxRo2y/OKrqueavXgZNMDVj3DdHFlaSAeU8g==}

  '@tanstack/query-core@5.101.2':
    resolution: {integrity: sha512-hH5MLoJhF7KaIGd7q3xTXGXvslI+GYlM1Z/35aSHHWaCJWB7XvTSHYuV3eM7tw+aE0mT/xMro4M4Q9rCGHT0lw==}

  '@tanstack/react-query@5.101.2':
    resolution: {integrity: sha512-seDkr6kzGzX1okaaTtZPtgA688CDPlXUz1C6xSg0ESqn04Vuc8tlrYms1s3de+znBqhPVxFRfpAfUf+6XvfPWg==}
    peerDependencies:
      react: ^18 || ^19

  react-hook-form@7.81.0:
    resolution: {integrity: sha512-ocbmr2p5KBMoAfj4WCUvped33lVi1Kd5DuDUvQDnB6VEAacOjPI/jMbtDdbhco4y9ct4xUuCmMY0b/C9L0QHjw==}
    engines: {node: '>=18.0.0'}
    peerDependencies:
      react: ^16.8.0 || ^17 || ^18 || ^19

  react@19.2.4:
    resolution: {integrity: sha512-9nfp2hYpCwOjAN+8TZFGhtWEwgvWHXqESH8qT89AT/lWklpLON22Lc8pEtnpsZz7VmawabSU0gCjnj8aC0euHQ==}
    engines: {node: '>=0.10.0'}

  zod@4.4.3:
    resolution: {integrity: sha512-ytENFjIJFl2UwYglde2jchW2Hwm4GJFLDiSXWdTrJQBIN9Fcyp7n4DhxJEiWNAJMV1/BqWfW/kkg71UDcHJyTQ==}

snapshots:

  '@hookform/resolvers@5.4.0(react-hook-form@7.81.0(react@19.2.4))':
    dependencies:
      '@standard-schema/utils': 0.3.0
      react-hook-form: 7.81.0(react@19.2.4)

  '@standard-schema/utils@0.3.0': {}

  '@tanstack/query-core@5.101.2': {}

  '@tanstack/react-query@5.101.2(react@19.2.4)':
    dependencies:
      '@tanstack/query-core': 5.101.2
      react: 19.2.4

  react-hook-form@7.81.0(react@19.2.4):
    dependencies:
      react: 19.2.4

  react@19.2.4: {}

  zod@4.4.3: {}
